
Microsoft Visual Studio Solution File, Format Version 12.00
# Visual Studio Version 17
VisualStudioVersion = 17.14.36310.24
MinimumVisualStudioVersion = 10.0.40219.1
Project("{54A90642-561A-4BB1-A94E-469ADEE60C69}") = "defensys.client", "defensys.client\defensys.client.esproj", "{EBE44025-193D-AED8-BE58-00C01A2E8166}"
EndProject
Project("{FAE04EC0-301F-11D3-BF4B-00C04F79EFBC}") = "DefenSys.Server", "DefenSys.Server\DefenSys.Server.csproj", "{5E4B4215-2C9E-4111-BF59-470935BC9D61}"
EndProject
Project("{FAE04EC0-301F-11D3-BF4B-00C04F79EFBC}") = "DefenSys.Core", "DefenSys.Core\DefenSys.Core.csproj", "{C015D236-6027-47CB-914F-6E9ACD3C0352}"
EndProject
Project("{FAE04EC0-301F-11D3-BF4B-00C04F79EFBC}") = "DefenSys.Application", "DefenSys.Application\DefenSys.Application.csproj", "{97323C74-6FFB-4820-8245-DA6CBA589FA6}"
EndProject
Global
	GlobalSection(SolutionConfigurationPlatforms) = preSolution
		Debug|Any CPU = Debug|Any CPU
		Release|Any CPU = Release|Any CPU
	EndGlobalSection
	GlobalSection(ProjectConfigurationPlatforms) = postSolution
		{EBE44025-193D-AED8-BE58-00C01A2E8166}.Debug|Any CPU.ActiveCfg = Debug|Any CPU
		{EBE44025-193D-AED8-BE58-00C01A2E8166}.Debug|Any CPU.Build.0 = Debug|Any CPU
		{EBE44025-193D-AED8-BE58-00C01A2E8166}.Debug|Any CPU.Deploy.0 = Debug|Any CPU
		{EBE44025-193D-AED8-BE58-00C01A2E8166}.Release|Any CPU.ActiveCfg = Release|Any CPU
		{EBE44025-193D-AED8-BE58-00C01A2E8166}.Release|Any CPU.Build.0 = Release|Any CPU
		{EBE44025-193D-AED8-BE58-00C01A2E8166}.Release|Any CPU.Deploy.0 = Release|Any CPU
		{5E4B4215-2C9E-4111-BF59-470935BC9D61}.Debug|Any CPU.ActiveCfg = Debug|Any CPU
		{5E4B4215-2C9E-4111-BF59-470935BC9D61}.Debug|Any CPU.Build.0 = Debug|Any CPU
		{5E4B4215-2C9E-4111-BF59-470935BC9D61}.Release|Any CPU.ActiveCfg = Release|Any CPU
		{5E4B4215-2C9E-4111-BF59-470935BC9D61}.Release|Any CPU.Build.0 = Release|Any CPU
		{C015D236-6027-47CB-914F-6E9ACD3C0352}.Debug|Any CPU.ActiveCfg = Debug|Any CPU
		{C015D236-6027-47CB-914F-6E9ACD3C0352}.Debug|Any CPU.Build.0 = Debug|Any CPU
		{C015D236-6027-47CB-914F-6E9ACD3C0352}.Release|Any CPU.ActiveCfg = Release|Any CPU
		{C015D236-6027-47CB-914F-6E9ACD3C0352}.Release|Any CPU.Build.0 = Release|Any CPU
		{97323C74-6FFB-4820-8245-DA6CBA589FA6}.Debug|Any CPU.ActiveCfg = Debug|Any CPU
		{97323C74-6FFB-4820-8245-DA6CBA589FA6}.Debug|Any CPU.Build.0 = Debug|Any CPU
		{97323C74-6FFB-4820-8245-DA6CBA589FA6}.Release|Any CPU.ActiveCfg = Release|Any CPU
		{97323C74-6FFB-4820-8245-DA6CBA589FA6}.Release|Any CPU.Build.0 = Release|Any CPU
	EndGlobalSection
	GlobalSection(SolutionProperties) = preSolution
		HideSolutionNode = FALSE
	EndGlobalSection
	GlobalSection(ExtensibilityGlobals) = postSolution
		SolutionGuid = {5CC4B76E-43F6-4374-B80F-C16D63824E4C}
	EndGlobalSection
EndGlobal
